
Microsoft Visual Studio Solution File, Format Version 12.00
# Visual Studio Version 17
VisualStudioVersion = 17.3.32901.215
MinimumVisualStudioVersion = 10.0.40219.1
Project("{FAE04EC0-301F-11D3-BF4B-00C04F79EFBC}") = "AdditionSyntax", "AdditionSyntax.csproj", "{F85C07DC-29D3-4204-8906-AEB5E075656B}"
EndProject
Global
	GlobalSection(SolutionConfigurationPlatforms) = preSolution
		Debug|Any CPU = Debug|Any CPU
		Release|Any CPU = Release|Any CPU
	EndGlobalSection
	GlobalSection(ProjectConfigurationPlatforms) = postSolution
		{F85C07DC-29D3-4204-8906-AEB5E075656B}.Debug|Any CPU.ActiveCfg = Debug|Any CPU
		{F85C07DC-29D3-4204-8906-AEB5E075656B}.Debug|Any CPU.Build.0 = Debug|Any CPU
		{F85C07DC-29D3-4204-8906-AEB5E075656B}.Release|Any CPU.ActiveCfg = Release|Any CPU
		{F85C07DC-29D3-4204-8906-AEB5E075656B}.Release|Any CPU.Build.0 = Release|Any CPU
	EndGlobalSection
	GlobalSection(SolutionProperties) = preSolution
		HideSolutionNode = FALSE
	EndGlobalSection
	GlobalSection(ExtensibilityGlobals) = postSolution
		SolutionGuid = {A6924A75-74F8-4531-840E-8640A7B16402}
	EndGlobalSection
EndGlobal
